{
  "version": "5",
  "specifiers": {
    "npm:@supabase/supabase-js@2.58.0": "2.58.0",
    "npm:svix@1.37.0": "1.37.0"
  },
  "npm": {
    "@stablelib/base64@1.0.1": {
      "integrity": "sha512-1bnPQqSxSuc3Ii6MhBysoWCg58j97aUjuCSZrGSmDxNqtytIi0k8utUenAwTZN4V5mXXYGsVUI9zeBqy+jBOSQ=="
    },
    "@supabase/auth-js@2.72.0": {
      "integrity": "sha512-4+bnUrtTDK1YD0/FCx2YtMiQH5FGu9Jlf4IQi5kcqRwRwqp2ey39V61nHNdH86jm3DIzz0aZKiWfTW8qXk1swQ==",
      "dependencies": [
        "@supabase/node-fetch"
      ]
    },
    "@supabase/functions-js@2.5.0": {
      "integrity": "sha512-SXBx6Jvp+MOBekeKFu+G11YLYPeVeGQl23eYyAG9+Ro0pQ1aIP0UZNIBxHKNHqxzR0L0n6gysNr2KT3841NATw==",
      "dependencies": [
        "@supabase/node-fetch"
      ]
    },
    "@supabase/node-fetch@2.6.15": {
      "integrity": "sha512-1ibVeYUacxWYi9i0cf5efil6adJ9WRyZBLivgjs+AUpewx1F3xPi7gLgaASI2SmIQxPoCEjAsLAzKPgMJVgOUQ==",
      "dependencies": [
        "whatwg-url"
      ]
    },
    "@supabase/postgrest-js@1.21.4": {
      "integrity": "sha512-TxZCIjxk6/dP9abAi89VQbWWMBbybpGWyvmIzTd79OeravM13OjR/YEYeyUOPcM1C3QyvXkvPZhUfItvmhY1IQ==",
      "dependencies": [
        "@supabase/node-fetch"
      ]
    },
    "@supabase/realtime-js@2.15.5": {
      "integrity": "sha512-/Rs5Vqu9jejRD8ZeuaWXebdkH+J7V6VySbCZ/zQM93Ta5y3mAmocjioa/nzlB6qvFmyylUgKVS1KpE212t30OA==",
      "dependencies": [
        "@supabase/node-fetch",
        "@types/phoenix",
        "@types/ws",
        "ws"
      ]
    },
    "@supabase/storage-js@2.12.2": {
      "integrity": "sha512-SiySHxi3q7gia7NBYpsYRu8gyI0NhFwSORMxbZIxJ/zAVkN6QpwDRan158CJ+UdzD4WB/rQMAGRqIJQP+7ccAQ==",
      "dependencies": [
        "@supabase/node-fetch"
      ]
    },
    "@supabase/supabase-js@2.58.0": {
      "integrity": "sha512-Tm1RmQpoAKdQr4/8wiayGti/no+If7RtveVZjHR8zbO7hhQjmPW2Ok5ZBPf1MGkt5c+9R85AVMsTfSaqAP1sUg==",
      "dependencies": [
        "@supabase/auth-js",
        "@supabase/functions-js",
        "@supabase/node-fetch",
        "@supabase/postgrest-js",
        "@supabase/realtime-js",
        "@supabase/storage-js"
      ]
    },
    "@types/node@26.0.1": {
      "integrity": "sha512-fc3KiUoBt6kie0N9bIW3E47vZsuaMf0PM2AaUpLCLT0s/LvX1nxAim6Fc049cNxODPpGm6qRAuUOB86SkRuPQw==",
      "dependencies": [
        "undici-types"
      ]
    },
    "@types/phoenix@1.6.7": {
      "integrity": "sha512-oN9ive//QSBkf19rfDv45M7eZPi0eEXylht2OLEXicu5b4KoQ1OzXIw+xDSGWxSxe1JmepRR/ZH283vsu518/Q=="
    },
    "@types/ws@8.18.1": {
      "integrity": "sha512-ThVF6DCVhA8kUGy+aazFQ4kXQ7E1Ty7A3ypFOe0IcJV8O/M511G99AW24irKrW56Wt44yG9+ij8FaqoBGkuBXg==",
      "dependencies": [
        "@types/node"
      ]
    },
    "es6-promise@4.2.8": {
      "integrity": "sha512-HJDGx5daxeIvxdBxvG2cb9g4tEvwIk3i8+nhX0yGrYmZUzbkdg8QbDevheDB8gd0//uPj4c1EQua8Q+MViT0/w=="
    },
    "fast-sha256@1.3.0": {
      "integrity": "sha512-n11RGP/lrWEFI/bWdygLxhI+pVeo1ZYIVwvvPkW7azl/rOy+F3HYRZ2K5zeE9mmkhQppyv9sQFx0JM9UabnpPQ=="
    },
    "node-fetch@2.7.0": {
      "integrity": "sha512-c4FRfUm/dbcWZ7U+1Wq0AwCyFL+3nt2bEw05wfxSz+DWpWsitgmSgYmy2dQdWyKC1694ELPqMs/YzUSNozLt8A==",
      "dependencies": [
        "whatwg-url"
      ]
    },
    "querystringify@2.2.0": {
      "integrity": "sha512-FIqgj2EUvTa7R50u0rGsyTftzjYmv/a3hO345bZNrqabNqjtgiDMgmo4mkUjd+nzU5oF3dClKqFIPUKybUyqoQ=="
    },
    "requires-port@1.0.0": {
      "integrity": "sha512-KigOCHcocU3XODJxsu8i/j8T9tzT4adHiecwORRQ0ZZFcp7ahwXuRU1m+yuO90C5ZUyGeGfocHDI14M3L3yDAQ=="
    },
    "svix-fetch@3.0.0": {
      "integrity": "sha512-rcADxEFhSqHbraZIsjyZNh4TF6V+koloX1OzZ+AQuObX9mZ2LIMhm1buZeuc5BIZPftZpJCMBsSiBaeszo9tRw==",
      "dependencies": [
        "node-fetch",
        "whatwg-fetch"
      ]
    },
    "svix@1.37.0": {
      "integrity": "sha512-zXtHLEN54ajW/qLreLLWbAyjHQVrpUnULIZY7WgneBVS/LdWVc3xR5vqLKzGVA4XWl/B9GXrs4+OL8EoFNWfIQ==",
      "dependencies": [
        "@stablelib/base64",
        "es6-promise",
        "fast-sha256",
        "svix-fetch",
        "url-parse"
      ]
    },
    "tr46@0.0.3": {
      "integrity": "sha512-N3WMsuqV66lT30CrXNbEjx4GEwlow3v6rr4mCcv6prnfwhS01rkgyFdjPNBYd9br7LpXV1+Emh01fHnq2Gdgrw=="
    },
    "undici-types@8.3.0": {
      "integrity": "sha512-j375ScV60dom+YkPFIfTLcOiPxkN/buHz5GobjLhixFuANaNs3C9l4GmrWqejgXWJ7BbJcFYpTEUkS1Ge8bpZQ=="
    },
    "url-parse@1.5.10": {
      "integrity": "sha512-WypcfiRhfeUP9vvF0j6rw0J3hrWrw6iZv3+22h6iRMJ/8z1Tj6XfLP4DsUix5MhMPnXpiHDoKyoZ/bdCkwBCiQ==",
      "dependencies": [
        "querystringify",
        "requires-port"
      ]
    },
    "webidl-conversions@3.0.1": {
      "integrity": "sha512-2JAn3z8AR6rjK8Sm8orRC0h/bcl/DqL7tRPdGZ4I1CjdF+EaMLmYxBHyXuKL849eucPFhvBoxMsflfOb8kxaeQ=="
    },
    "whatwg-fetch@3.6.20": {
      "integrity": "sha512-EqhiFU6daOA8kpjOWTL0olhVOF3i7OrFzSYiGsEMB8GcXS+RrzauAERX65xMeNWVqxA6HXH2m69Z9LaKKdisfg=="
    },
    "whatwg-url@5.0.0": {
      "integrity": "sha512-saE57nupxk6v3HY35+jzBwYa0rKSy0XR8JSxZPwgLr7ys0IBzhGviA1/TUGJLmSVqs8pb9AnvICXEuOHLprYTw==",
      "dependencies": [
        "tr46",
        "webidl-conversions"
      ]
    },
    "ws@8.21.0": {
      "integrity": "sha512-Vsp28b7DRcimFQvrqu2Wek3z1iYxDCWqHYB8Qsnk/S4RfaCQzPGPyBNuVjJV3cd6UiKtUtp6sNM77gWvzcCH+g=="
    }
  },
  "redirects": {
    "https://esm.sh/@supabase/supabase-js@2": "https://esm.sh/@supabase/supabase-js@2.110.0"
  },
  "remote": {
    "https://deno.land/std@0.168.0/async/abortable.ts": "80b2ac399f142cc528f95a037a7d0e653296352d95c681e284533765961de409",
    "https://deno.land/std@0.168.0/async/deadline.ts": "2c2deb53c7c28ca1dda7a3ad81e70508b1ebc25db52559de6b8636c9278fd41f",
    "https://deno.land/std@0.168.0/async/debounce.ts": "60301ffb37e730cd2d6f9dadfd0ecb2a38857681bd7aaf6b0a106b06e5210a98",
    "https://deno.land/std@0.168.0/async/deferred.ts": "77d3f84255c3627f1cc88699d8472b664d7635990d5358c4351623e098e917d6",
    "https://deno.land/std@0.168.0/async/delay.ts": "5a9bfba8de38840308a7a33786a0155a7f6c1f7a859558ddcec5fe06e16daf57",
    "https://deno.land/std@0.168.0/async/mod.ts": "7809ad4bb223e40f5fdc043e5c7ca04e0e25eed35c32c3c32e28697c553fa6d9",
    "https://deno.land/std@0.168.0/async/mux_async_iterator.ts": "770a0ff26c59f8bbbda6b703a2235f04e379f73238e8d66a087edc68c2a2c35f",
    "https://deno.land/std@0.168.0/async/pool.ts": "6854d8cd675a74c73391c82005cbbe4cc58183bddcd1fbbd7c2bcda42b61cf69",
    "https://deno.land/std@0.168.0/async/retry.ts": "e8e5173623915bbc0ddc537698fa418cf875456c347eda1ed453528645b42e67",
    "https://deno.land/std@0.168.0/async/tee.ts": "3a47cc4e9a940904fd4341f0224907e199121c80b831faa5ec2b054c6d2eff5e",
    "https://deno.land/std@0.168.0/fmt/colors.ts": "03ad95e543d2808bc43c17a3dd29d25b43d0f16287fe562a0be89bf632454a12",
    "https://deno.land/std@0.168.0/http/server.ts": "e99c1bee8a3f6571ee4cdeb2966efad465b8f6fe62bec1bdb59c1f007cc4d155",
    "https://deno.land/std@0.168.0/testing/_diff.ts": "a23e7fc2b4d8daa3e158fa06856bedf5334ce2a2831e8bf9e509717f455adb2c",
    "https://deno.land/std@0.168.0/testing/_format.ts": "cd11136e1797791045e639e9f0f4640d5b4166148796cad37e6ef75f7d7f3832",
    "https://deno.land/std@0.168.0/testing/asserts.ts": "51353e79437361d4b02d8e32f3fc83b22231bc8f8d4c841d86fd32b0b0afe940",
    "https://esm.sh/@supabase/supabase-js@2.110.0": "b99c0ce7729f9de7797f836b93ab9ec94f1cfe079b4f937fa4144fe13525e979",
    "https://esm.sh/@supabase/supabase-js@2.58.0": "7dabd2478b8ee4e38a36544ae38af5f437d745f55bc52d6cb0841e57b21c32a4"
  },
  "workspace": {
    "dependencies": [
      "npm:@supabase/supabase-js@2.58.0",
      "npm:svix@1.37.0"
    ]
  }
}
